
Microsoft Visual Studio Solution File, Format Version 12.00
# Visual Studio Version 16
VisualStudioVersion = 25.0.1706.12
MinimumVisualStudioVersion = 10.0.40219.1
Project("{FAE04EC0-301F-11D3-BF4B-00C04F79EFBC}") = "google-publisher-api", "google-publisher-api\google-publisher-api.csproj", "{9156EBA0-E52C-4404-8A8E-E511D6CFD5E5}"
EndProject
Global
	GlobalSection(SolutionConfigurationPlatforms) = preSolution
		Debug|Any CPU = Debug|Any CPU
		Release|Any CPU = Release|Any CPU
	EndGlobalSection
	GlobalSection(ProjectConfigurationPlatforms) = postSolution
		{9156EBA0-E52C-4404-8A8E-E511D6CFD5E5}.Debug|Any CPU.ActiveCfg = Debug|Any CPU
		{9156EBA0-E52C-4404-8A8E-E511D6CFD5E5}.Debug|Any CPU.Build.0 = Debug|Any CPU
		{9156EBA0-E52C-4404-8A8E-E511D6CFD5E5}.Release|Any CPU.ActiveCfg = Release|Any CPU
		{9156EBA0-E52C-4404-8A8E-E511D6CFD5E5}.Release|Any CPU.Build.0 = Release|Any CPU
	EndGlobalSection
	GlobalSection(SolutionProperties) = preSolution
		HideSolutionNode = FALSE
	EndGlobalSection
	GlobalSection(ExtensibilityGlobals) = postSolution
		SolutionGuid = {D9058AA7-04A2-486E-A865-9A0D4E926039}
	EndGlobalSection
EndGlobal
